
Microsoft Visual Studio Solution File, Format Version 12.00
# Visual Studio Version 16
VisualStudioVersion = 16.0.32407.337
MinimumVisualStudioVersion = 10.0.40219.1
Project("{FAE04EC0-301F-11D3-BF4B-00C04F79EFBC}") = "ConsoleApp", "ConsoleApp\ConsoleApp.csproj", "{94E35AEF-B2B6-4F0A-B3F8-4A56D821747B}"
EndProject
Project("{FAE04EC0-301F-11D3-BF4B-00C04F79EFBC}") = "UnitTestProject", "UnitTestProject\UnitTestProject.csproj", "{04508833-61D8-42DF-8BF4-720F1C7547D3}"
EndProject
Global
	GlobalSection(SolutionConfigurationPlatforms) = preSolution
		Debug|Any CPU = Debug|Any CPU
		Release|Any CPU = Release|Any CPU
	EndGlobalSection
	GlobalSection(ProjectConfigurationPlatforms) = postSolution
		{94E35AEF-B2B6-4F0A-B3F8-4A56D821747B}.Debug|Any CPU.ActiveCfg = Debug|Any CPU
		{94E35AEF-B2B6-4F0A-B3F8-4A56D821747B}.Debug|Any CPU.Build.0 = Debug|Any CPU
		{94E35AEF-B2B6-4F0A-B3F8-4A56D821747B}.Release|Any CPU.ActiveCfg = Release|Any CPU
		{94E35AEF-B2B6-4F0A-B3F8-4A56D821747B}.Release|Any CPU.Build.0 = Release|Any CPU
		{04508833-61D8-42DF-8BF4-720F1C7547D3}.Debug|Any CPU.ActiveCfg = Debug|Any CPU
		{04508833-61D8-42DF-8BF4-720F1C7547D3}.Debug|Any CPU.Build.0 = Debug|Any CPU
		{04508833-61D8-42DF-8BF4-720F1C7547D3}.Release|Any CPU.ActiveCfg = Release|Any CPU
		{04508833-61D8-42DF-8BF4-720F1C7547D3}.Release|Any CPU.Build.0 = Release|Any CPU
	EndGlobalSection
	GlobalSection(SolutionProperties) = preSolution
		HideSolutionNode = FALSE
	EndGlobalSection
	GlobalSection(ExtensibilityGlobals) = postSolution
		SolutionGuid = {AA9FC9E6-66BC-4235-8FE1-5B22949A3C25}
	EndGlobalSection
EndGlobal
